Microsoft Visual Studio Solution File, Format Version 12.00
# Visual Studio Version 17
VisualStudioVersion = 17.5.2.0
MinimumVisualStudioVersion = 10.0.40219.1
Project("{2150E333-8FDC-42A3-9474-1A3956D46DE8}") = "Bookclub.API", "Bookclub.API", "{F77F6F5E-E247-AE6E-30AE-BBF20ECA0475}"
EndProject
Project("{FAE04EC0-301F-11D3-BF4B-00C04F79EFBC}") = "BookClubApp", "Bookclub.API\BookClubApp.csproj", "{426B8E05-49D8-D1B4-39C2-6D8E237D17C9}"
EndProject
Global
	GlobalSection(SolutionConfigurationPlatforms) = preSolution
		Debug|Any CPU = Debug|Any CPU
		Release|Any CPU = Release|Any CPU
	EndGlobalSection
	GlobalSection(ProjectConfigurationPlatforms) = postSolution
		{426B8E05-49D8-D1B4-39C2-6D8E237D17C9}.Debug|Any CPU.ActiveCfg = Debug|Any CPU
		{426B8E05-49D8-D1B4-39C2-6D8E237D17C9}.Debug|Any CPU.Build.0 = Debug|Any CPU
		{426B8E05-49D8-D1B4-39C2-6D8E237D17C9}.Release|Any CPU.ActiveCfg = Release|Any CPU
		{426B8E05-49D8-D1B4-39C2-6D8E237D17C9}.Release|Any CPU.Build.0 = Release|Any CPU
	EndGlobalSection
	GlobalSection(SolutionProperties) = preSolution
		HideSolutionNode = FALSE
	EndGlobalSection
	GlobalSection(NestedProjects) = preSolution
		{426B8E05-49D8-D1B4-39C2-6D8E237D17C9} = {F77F6F5E-E247-AE6E-30AE-BBF20ECA0475}
	EndGlobalSection
	GlobalSection(ExtensibilityGlobals) = postSolution
		SolutionGuid = {2C53F677-84D3-4834-9223-F81E154D0FEC}
	EndGlobalSection
EndGlobal
